// !$*UTF8*$!
{
	archiveVersion = 1;
	classes = {
	};
	objectVersion = 51;
	objects = {

/* Begin PBXBuildFile section */
		04C25C08B0DEF2A019CEA57D /* Pods_WunderAppTestTests.framework in Frameworks */ = {isa = PBXBuildFile; fileRef = 2C8E8167EA0AA176FD2E739D /* Pods_WunderAppTestTests.framework */; };
		124FF0C4236B0A7C005E768D /* readme.md in Resources */ = {isa = PBXBuildFile; fileRef = 124FF0C3236B0A7C005E768D /* readme.md */; };
		1277CFAB2368277300EF99CF /* AppDelegate.swift in Sources */ = {isa = PBXBuildFile; fileRef = 1277CFAA2368277300EF99CF /* AppDelegate.swift */; };
		1277CFAD2368277300EF99CF /* SceneDelegate.swift in Sources */ = {isa = PBXBuildFile; fileRef = 1277CFAC2368277300EF99CF /* SceneDelegate.swift */; };
		1277CFAF2368277300EF99CF /* CarTableViewController.swift in Sources */ = {isa = PBXBuildFile; fileRef = 1277CFAE2368277300EF99CF /* CarTableViewController.swift */; };
		1277CFB22368277300EF99CF /* Main.storyboard in Resources */ = {isa = PBXBuildFile; fileRef = 1277CFB02368277300EF99CF /* Main.storyboard */; };
		1277CFB42368277500EF99CF /* Assets.xcassets in Resources */ = {isa = PBXBuildFile; fileRef = 1277CFB32368277500EF99CF /* Assets.xcassets */; };
		1277CFB72368277500EF99CF /* LaunchScreen.storyboard in Resources */ = {isa = PBXBuildFile; fileRef = 1277CFB52368277500EF99CF /* LaunchScreen.storyboard */; };
		1277CFC22368277600EF99CF /* WunderAppTestTests.swift in Sources */ = {isa = PBXBuildFile; fileRef = 1277CFC12368277600EF99CF /* WunderAppTestTests.swift */; };
		1277CFCE2368292D00EF99CF /* CarTableViewViewModel.swift in Sources */ = {isa = PBXBuildFile; fileRef = 1277CFCD2368292D00EF99CF /* CarTableViewViewModel.swift */; };
		1277CFD02368295100EF99CF /* CarCellViewModel.swift in Sources */ = {isa = PBXBuildFile; fileRef = 1277CFCF2368295100EF99CF /* CarCellViewModel.swift */; };
		1277CFD32368299D00EF99CF /* MapViewController.swift in Sources */ = {isa = PBXBuildFile; fileRef = 1277CFD22368299D00EF99CF /* MapViewController.swift */; };
		1277CFD6236829DC00EF99CF /* CarTableViewCell.swift in Sources */ = {isa = PBXBuildFile; fileRef = 1277CFD5236829DC00EF99CF /* CarTableViewCell.swift */; };
		1277CFD923682A0500EF99CF /* Car.swift in Sources */ = {isa = PBXBuildFile; fileRef = 1277CFD823682A0500EF99CF /* Car.swift */; };
		1277CFDC23682ACF00EF99CF /* AppServerClient.swift in Sources */ = {isa = PBXBuildFile; fileRef = 1277CFDB23682ACF00EF99CF /* AppServerClient.swift */; };
		1277CFDF23682B0F00EF99CF /* Alert.swift in Sources */ = {isa = PBXBuildFile; fileRef = 1277CFDE23682B0F00EF99CF /* Alert.swift */; };
		1277CFE323682B5400EF99CF /* Result.swift in Sources */ = {isa = PBXBuildFile; fileRef = 1277CFE223682B5400EF99CF /* Result.swift */; };
		1277CFE523682B5F00EF99CF /* JSON.swift in Sources */ = {isa = PBXBuildFile; fileRef = 1277CFE423682B5F00EF99CF /* JSON.swift */; };
		1277CFE823682B8400EF99CF /* UIViewControllerExtension.swift in Sources */ = {isa = PBXBuildFile; fileRef = 1277CFE723682B8400EF99CF /* UIViewControllerExtension.swift */; };
		12963F572368DDB5001117BF /* ReadOnce.swift in Sources */ = {isa = PBXBuildFile; fileRef = 12963F562368DDB5001117BF /* ReadOnce.swift */; };
		7781B59CE4AD2D7B1A310053 /* Pods_WunderAppTest.framework in Frameworks */ = {isa = PBXBuildFile; fileRef = 14AF9D83D0F331C5C350509F /* Pods_WunderAppTest.framework */; };
/* End PBXBuildFile section */

/* Begin PBXContainerItemProxy section */
		1277CFBE2368277500EF99CF /* PBXContainerItemProxy */ = {
			isa = PBXContainerItemProxy;
			containerPortal = 1277CF9F2368277300EF99CF /* Project object */;
			proxyType = 1;
			remoteGlobalIDString = 1277CFA62368277300EF99CF;
			remoteInfo = WunderAppTest;
		};
/* End PBXContainerItemProxy section */

/* Begin PBXFileReference section */
		124FF0C3236B0A7C005E768D /* readme.md */ = {isa = PBXFileReference; lastKnownFileType = net.daringfireball.markdown; path = readme.md; sourceTree = "<group>"; };
		1277CFA72368277300EF99CF /* WunderAppTest.app */ = {isa = PBXFileReference; explicitFileType = wrapper.application; includeInIndex = 0; path = WunderAppTest.app; sourceTree = BUILT_PRODUCTS_DIR; };
		1277CFAA2368277300EF99CF /* AppDelegate.swift */ = {isa = PBXFileReference; lastKnownFileType = sourcecode.swift; path = AppDelegate.swift; sourceTree = "<group>"; };
		1277CFAC2368277300EF99CF /* SceneDelegate.swift */ = {isa = PBXFileReference; lastKnownFileType = sourcecode.swift; path = SceneDelegate.swift; sourceTree = "<group>"; };
		1277CFAE2368277300EF99CF /* CarTableViewController.swift */ = {isa = PBXFileReference; lastKnownFileType = sourcecode.swift; path = CarTableViewController.swift; sourceTree = "<group>"; };
		1277CFB12368277300EF99CF /* Base */ = {isa = PBXFileReference; lastKnownFileType = file.storyboard; name = Base; path = Base.lproj/Main.storyboard; sourceTree = "<group>"; };
		1277CFB32368277500EF99CF /* Assets.xcassets */ = {isa = PBXFileReference; lastKnownFileType = folder.assetcatalog; path = Assets.xcassets; sourceTree = "<group>"; };
		1277CFB62368277500EF99CF /* Base */ = {isa = PBXFileReference; lastKnownFileType = file.storyboard; name = Base; path = Base.lproj/LaunchScreen.storyboard; sourceTree = "<group>"; };
		1277CFB82368277500EF99CF /* Info.plist */ = {isa = PBXFileReference; lastKnownFileType = text.plist.xml; path = Info.plist; sourceTree = "<group>"; };
		1277CFBD2368277500EF99CF /* WunderAppTestTests.xctest */ = {isa = PBXFileReference; explicitFileType = wrapper.cfbundle; includeInIndex = 0; path = WunderAppTestTests.xctest; sourceTree = BUILT_PRODUCTS_DIR; };
		1277CFC12368277600EF99CF /* WunderAppTestTests.swift */ = {isa = PBXFileReference; lastKnownFileType = sourcecode.swift; path = WunderAppTestTests.swift; sourceTree = "<group>"; };
		1277CFC32368277600EF99CF /* Info.plist */ = {isa = PBXFileReference; lastKnownFileType = text.plist.xml; path = Info.plist; sourceTree = "<group>"; };
		1277CFCD2368292D00EF99CF /* CarTableViewViewModel.swift */ = {isa = PBXFileReference; lastKnownFileType = sourcecode.swift; path = CarTableViewViewModel.swift; sourceTree = "<group>"; };
		1277CFCF2368295100EF99CF /* CarCellViewModel.swift */ = {isa = PBXFileReference; lastKnownFileType = sourcecode.swift; path = CarCellViewModel.swift; sourceTree = "<group>"; };
		1277CFD22368299D00EF99CF /* MapViewController.swift */ = {isa = PBXFileReference; lastKnownFileType = sourcecode.swift; path = MapViewController.swift; sourceTree = "<group>"; };
		1277CFD5236829DC00EF99CF /* CarTableViewCell.swift */ = {isa = PBXFileReference; lastKnownFileType = sourcecode.swift; path = CarTableViewCell.swift; sourceTree = "<group>"; };
		1277CFD823682A0500EF99CF /* Car.swift */ = {isa = PBXFileReference; lastKnownFileType = sourcecode.swift; path = Car.swift; sourceTree = "<group>"; };
		1277CFDB23682ACF00EF99CF /* AppServerClient.swift */ = {isa = PBXFileReference; lastKnownFileType = sourcecode.swift; path = AppServerClient.swift; sourceTree = "<group>"; };
		1277CFDE23682B0F00EF99CF /* Alert.swift */ = {isa = PBXFileReference; lastKnownFileType = sourcecode.swift; path = Alert.swift; sourceTree = "<group>"; };
		1277CFE223682B5400EF99CF /* Result.swift */ = {isa = PBXFileReference; lastKnownFileType = sourcecode.swift; path = Result.swift; sourceTree = "<group>"; };
		1277CFE423682B5F00EF99CF /* JSON.swift */ = {isa = PBXFileReference; lastKnownFileType = sourcecode.swift; path = JSON.swift; sourceTree = "<group>"; };
		1277CFE723682B8400EF99CF /* UIViewControllerExtension.swift */ = {isa = PBXFileReference; lastKnownFileType = sourcecode.swift; path = UIViewControllerExtension.swift; sourceTree = "<group>"; };
		12963F562368DDB5001117BF /* ReadOnce.swift */ = {isa = PBXFileReference; lastKnownFileType = sourcecode.swift; path = ReadOnce.swift; sourceTree = "<group>"; };
		14AF9D83D0F331C5C350509F /* Pods_WunderAppTest.framework */ = {isa = PBXFileReference; explicitFileType = wrapper.framework; includeInIndex = 0; path = Pods_WunderAppTest.framework; sourceTree = BUILT_PRODUCTS_DIR; };
		2C8E8167EA0AA176FD2E739D /* Pods_WunderAppTestTests.framework */ = {isa = PBXFileReference; explicitFileType = wrapper.framework; includeInIndex = 0; path = Pods_WunderAppTestTests.framework; sourceTree = BUILT_PRODUCTS_DIR; };
		370D272D1CAA2441B76A39DB /* Pods-WunderAppTest.debug.xcconfig */ = {isa = PBXFileReference; includeInIndex = 1; lastKnownFileType = text.xcconfig; name = "Pods-WunderAppTest.debug.xcconfig"; path = "Target Support Files/Pods-WunderAppTest/Pods-WunderAppTest.debug.xcconfig"; sourceTree = "<group>"; };
		55421C7F8638770ACC8C8436 /* Pods-WunderAppTest.release.xcconfig */ = {isa = PBXFileReference; includeInIndex = 1; lastKnownFileType = text.xcconfig; name = "Pods-WunderAppTest.release.xcconfig"; path = "Target Support Files/Pods-WunderAppTest/Pods-WunderAppTest.release.xcconfig"; sourceTree = "<group>"; };
		872EE12A90A87194176C618D /* Pods-WunderAppTestTests.release.xcconfig */ = {isa = PBXFileReference; includeInIndex = 1; lastKnownFileType = text.xcconfig; name = "Pods-WunderAppTestTests.release.xcconfig"; path = "Target Support Files/Pods-WunderAppTestTests/Pods-WunderAppTestTests.release.xcconfig"; sourceTree = "<group>"; };
		B5694E14C3C33CF5A730F05C /* Pods-WunderAppTestTests.debug.xcconfig */ = {isa = PBXFileReference; includeInIndex = 1; lastKnownFileType = text.xcconfig; name = "Pods-WunderAppTestTests.debug.xcconfig"; path = "Target Support Files/Pods-WunderAppTestTests/Pods-WunderAppTestTests.debug.xcconfig"; sourceTree = "<group>"; };
/* End PBXFileReference section */

/* Begin PBXFrameworksBuildPhase section */
		1277CFA42368277300EF99CF /* Frameworks */ = {
			isa = PBXFrameworksBuildPhase;
			buildActionMask = 2147483647;
			files = (
				7781B59CE4AD2D7B1A310053 /* Pods_WunderAppTest.framework in Frameworks */,
			);
			runOnlyForDeploymentPostprocessing = 0;
		};
		1277CFBA2368277500EF99CF /* Frameworks */ = {
			isa = PBXFrameworksBuildPhase;
			buildActionMask = 2147483647;
			files = (
				04C25C08B0DEF2A019CEA57D /* Pods_WunderAppTestTests.framework in Frameworks */,
			);
			runOnlyForDeploymentPostprocessing = 0;
		};
/* End PBXFrameworksBuildPhase section */

/* Begin PBXGroup section */
		1277CF9E2368277300EF99CF = {
			isa = PBXGroup;
			children = (
				124FF0C3236B0A7C005E768D /* readme.md */,
				1277CFA92368277300EF99CF /* WunderAppTest */,
				1277CFC02368277500EF99CF /* WunderAppTestTests */,
				1277CFA82368277300EF99CF /* Products */,
				A6C699FFD44157C0C73A6574 /* Pods */,
				509229CA88A2722E6AE2C82B /* Frameworks */,
			);
			sourceTree = "<group>";
		};
		1277CFA82368277300EF99CF /* Products */ = {
			isa = PBXGroup;
			children = (
				1277CFA72368277300EF99CF /* WunderAppTest.app */,
				1277CFBD2368277500EF99CF /* WunderAppTestTests.xctest */,
			);
			name = Products;
			sourceTree = "<group>";
		};
		1277CFA92368277300EF99CF /* WunderAppTest */ = {
			isa = PBXGroup;
			children = (
				1277CFE623682B6C00EF99CF /* Extensions */,
				1277CFDD23682B0200EF99CF /* Helpers */,
				1277CFDA23682ABE00EF99CF /* Service */,
				1277CFD7236829F600EF99CF /* Model */,
				1277CFD4236829CA00EF99CF /* View */,
				1277CFD12368296400EF99CF /* ViewController */,
				1277CFCC2368291B00EF99CF /* ViewModel */,
				1277CFAA2368277300EF99CF /* AppDelegate.swift */,
				1277CFAC2368277300EF99CF /* SceneDelegate.swift */,
				1277CFB02368277300EF99CF /* Main.storyboard */,
				1277CFB32368277500EF99CF /* Assets.xcassets */,
				1277CFB52368277500EF99CF /* LaunchScreen.storyboard */,
				1277CFB82368277500EF99CF /* Info.plist */,
			);
			path = WunderAppTest;
			sourceTree = "<group>";
		};
		1277CFC02368277500EF99CF /* WunderAppTestTests */ = {
			isa = PBXGroup;
			children = (
				1277CFC12368277600EF99CF /* WunderAppTestTests.swift */,
				1277CFC32368277600EF99CF /* Info.plist */,
			);
			path = WunderAppTestTests;
			sourceTree = "<group>";
		};
		1277CFCC2368291B00EF99CF /* ViewModel */ = {
			isa = PBXGroup;
			children = (
				1277CFCD2368292D00EF99CF /* CarTableViewViewModel.swift */,
				1277CFCF2368295100EF99CF /* CarCellViewModel.swift */,
			);
			path = ViewModel;
			sourceTree = "<group>";
		};
		1277CFD12368296400EF99CF /* ViewController */ = {
			isa = PBXGroup;
			children = (
				1277CFAE2368277300EF99CF /* CarTableViewController.swift */,
				1277CFD22368299D00EF99CF /* MapViewController.swift */,
			);
			path = ViewController;
			sourceTree = "<group>";
		};
		1277CFD4236829CA00EF99CF /* View */ = {
			isa = PBXGroup;
			children = (
				1277CFD5236829DC00EF99CF /* CarTableViewCell.swift */,
			);
			path = View;
			sourceTree = "<group>";
		};
		1277CFD7236829F600EF99CF /* Model */ = {
			isa = PBXGroup;
			children = (
				1277CFD823682A0500EF99CF /* Car.swift */,
			);
			path = Model;
			sourceTree = "<group>";
		};
		1277CFDA23682ABE00EF99CF /* Service */ = {
			isa = PBXGroup;
			children = (
				1277CFDB23682ACF00EF99CF /* AppServerClient.swift */,
			);
			path = Service;
			sourceTree = "<group>";
		};
		1277CFDD23682B0200EF99CF /* Helpers */ = {
			isa = PBXGroup;
			children = (
				1277CFDE23682B0F00EF99CF /* Alert.swift */,
				1277CFE223682B5400EF99CF /* Result.swift */,
				1277CFE423682B5F00EF99CF /* JSON.swift */,
				12963F562368DDB5001117BF /* ReadOnce.swift */,
			);
			path = Helpers;
			sourceTree = "<group>";
		};
		1277CFE623682B6C00EF99CF /* Extensions */ = {
			isa = PBXGroup;
			children = (
				1277CFE723682B8400EF99CF /* UIViewControllerExtension.swift */,
			);
			path = Extensions;
			sourceTree = "<group>";
		};
		509229CA88A2722E6AE2C82B /* Frameworks */ = {
			isa = PBXGroup;
			children = (
				14AF9D83D0F331C5C350509F /* Pods_WunderAppTest.framework */,
				2C8E8167EA0AA176FD2E739D /* Pods_WunderAppTestTests.framework */,
			);
			name = Frameworks;
			sourceTree = "<group>";
		};
		A6C699FFD44157C0C73A6574 /* Pods */ = {
			isa = PBXGroup;
			children = (
				370D272D1CAA2441B76A39DB /* Pods-WunderAppTest.debug.xcconfig */,
				55421C7F8638770ACC8C8436 /* Pods-WunderAppTest.release.xcconfig */,
				B5694E14C3C33CF5A730F05C /* Pods-WunderAppTestTests.debug.xcconfig */,
				872EE12A90A87194176C618D /* Pods-WunderAppTestTests.release.xcconfig */,
			);
			path = Pods;
			sourceTree = "<group>";
		};
/* End PBXGroup section */

/* Begin PBXNativeTarget section */
		1277CFA62368277300EF99CF /* WunderAppTest */ = {
			isa = PBXNativeTarget;
			buildConfigurationList = 1277CFC62368277600EF99CF /* Build configuration list for PBXNativeTarget "WunderAppTest" */;
			buildPhases = (
				8149561B213132E98F935898 /* [CP] Check Pods Manifest.lock */,
				1277CFA32368277300EF99CF /* Sources */,
				1277CFA42368277300EF99CF /* Frameworks */,
				1277CFA52368277300EF99CF /* Resources */,
				A841322E567894FE4E63018C /* [CP] Embed Pods Frameworks */,
			);
			buildRules = (
			);
			dependencies = (
			);
			name = WunderAppTest;
			productName = WunderAppTest;
			productReference = 1277CFA72368277300EF99CF /* WunderAppTest.app */;
			productType = "com.apple.product-type.application";
		};
		1277CFBC2368277500EF99CF /* WunderAppTestTests */ = {
			isa = PBXNativeTarget;
			buildConfigurationList = 1277CFC92368277600EF99CF /* Build configuration list for PBXNativeTarget "WunderAppTestTests" */;
			buildPhases = (
				5BD57B941ACF9BA3D336E03E /* [CP] Check Pods Manifest.lock */,
				1277CFB92368277500EF99CF /* Sources */,
				1277CFBA2368277500EF99CF /* Frameworks */,
				1277CFBB2368277500EF99CF /* Resources */,
			);
			buildRules = (
			);
			dependencies = (
				1277CFBF2368277500EF99CF /* PBXTargetDependency */,
			);
			name = WunderAppTestTests;
			productName = WunderAppTestTests;
			productReference = 1277CFBD2368277500EF99CF /* WunderAppTestTests.xctest */;
			productType = "com.apple.product-type.bundle.unit-test";
		};
/* End PBXNativeTarget section */

/* Begin PBXProject section */
		1277CF9F2368277300EF99CF /* Project object */ = {
			isa = PBXProject;
			attributes = {
				LastSwiftUpdateCheck = 1110;
				LastUpgradeCheck = 1110;
				ORGANIZATIONNAME = "Mark Labios";
				TargetAttributes = {
					1277CFA62368277300EF99CF = {
						CreatedOnToolsVersion = 11.1;
					};
					1277CFBC2368277500EF99CF = {
						CreatedOnToolsVersion = 11.1;
						TestTargetID = 1277CFA62368277300EF99CF;
					};
				};
			};
			buildConfigurationList = 1277CFA22368277300EF99CF /* Build configuration list for PBXProject "WunderAppTest" */;
			compatibilityVersion = "Xcode 9.3";
			developmentRegion = en;
			hasScannedForEncodings = 0;
			knownRegions = (
				en,
				Base,
			);
			mainGroup = 1277CF9E2368277300EF99CF;
			productRefGroup = 1277CFA82368277300EF99CF /* Products */;
			projectDirPath = "";
			projectRoot = "";
			targets = (
				1277CFA62368277300EF99CF /* WunderAppTest */,
				1277CFBC2368277500EF99CF /* WunderAppTestTests */,
			);
		};
/* End PBXProject section */

/* Begin PBXResourcesBuildPhase section */
		1277CFA52368277300EF99CF /* Resources */ = {
			isa = PBXResourcesBuildPhase;
			buildActionMask = 2147483647;
			files = (
				1277CFB72368277500EF99CF /* LaunchScreen.storyboard in Resources */,
				1277CFB42368277500EF99CF /* Assets.xcassets in Resources */,
				124FF0C4236B0A7C005E768D /* readme.md in Resources */,
				1277CFB22368277300EF99CF /* Main.storyboard in Resources */,
			);
			runOnlyForDeploymentPostprocessing = 0;
		};
		1277CFBB2368277500EF99CF /* Resources */ = {
			isa = PBXResourcesBuildPhase;
			buildActionMask = 2147483647;
			files = (
			);
			runOnlyForDeploymentPostprocessing = 0;
		};
/* End PBXResourcesBuildPhase section */

/* Begin PBXShellScriptBuildPhase section */
		5BD57B941ACF9BA3D336E03E /* [CP] Check Pods Manifest.lock */ = {
			isa = PBXShellScriptBuildPhase;
			buildActionMask = 2147483647;
			files = (
			);
			inputFileListPaths = (
			);
			inputPaths = (
				"${PODS_PODFILE_DIR_PATH}/Podfile.lock",
				"${PODS_ROOT}/Manifest.lock",
			);
			name = "[CP] Check Pods Manifest.lock";
			outputFileListPaths = (
			);
			outputPaths = (
				"$(DERIVED_FILE_DIR)/Pods-WunderAppTestTests-checkManifestLockResult.txt",
			);
			runOnlyForDeploymentPostprocessing = 0;
			shellPath = /bin/sh;
			shellScript = "diff \"${PODS_PODFILE_DIR_PATH}/Podfile.lock\" \"${PODS_ROOT}/Manifest.lock\" > /dev/null\nif [ $? != 0 ] ; then\n    # print error to STDERR\n    echo \"error: The sandbox is not in sync with the Podfile.lock. Run 'pod install' or update your CocoaPods installation.\" >&2\n    exit 1\nfi\n# This output is used by Xcode 'outputs' to avoid re-running this script phase.\necho \"SUCCESS\" > \"${SCRIPT_OUTPUT_FILE_0}\"\n";
			showEnvVarsInLog = 0;
		};
		8149561B213132E98F935898 /* [CP] Check Pods Manifest.lock */ = {
			isa = PBXShellScriptBuildPhase;
			buildActionMask = 2147483647;
			files = (
			);
			inputFileListPaths = (
			);
			inputPaths = (
				"${PODS_PODFILE_DIR_PATH}/Podfile.lock",
				"${PODS_ROOT}/Manifest.lock",
			);
			name = "[CP] Check Pods Manifest.lock";
			outputFileListPaths = (
			);
			outputPaths = (
				"$(DERIVED_FILE_DIR)/Pods-WunderAppTest-checkManifestLockResult.txt",
			);
			runOnlyForDeploymentPostprocessing = 0;
			shellPath = /bin/sh;
			shellScript = "diff \"${PODS_PODFILE_DIR_PATH}/Podfile.lock\" \"${PODS_ROOT}/Manifest.lock\" > /dev/null\nif [ $? != 0 ] ; then\n    # print error to STDERR\n    echo \"error: The sandbox is not in sync with the Podfile.lock. Run 'pod install' or update your CocoaPods installation.\" >&2\n    exit 1\nfi\n# This output is used by Xcode 'outputs' to avoid re-running this script phase.\necho \"SUCCESS\" > \"${SCRIPT_OUTPUT_FILE_0}\"\n";
			showEnvVarsInLog = 0;
		};
		A841322E567894FE4E63018C /* [CP] Embed Pods Frameworks */ = {
			isa = PBXShellScriptBuildPhase;
			buildActionMask = 2147483647;
			files = (
			);
			inputFileListPaths = (
				"${PODS_ROOT}/Target Support Files/Pods-WunderAppTest/Pods-WunderAppTest-frameworks-${CONFIGURATION}-input-files.xcfilelist",
			);
			name = "[CP] Embed Pods Frameworks";
			outputFileListPaths = (
				"${PODS_ROOT}/Target Support Files/Pods-WunderAppTest/Pods-WunderAppTest-frameworks-${CONFIGURATION}-output-files.xcfilelist",
			);
			runOnlyForDeploymentPostprocessing = 0;
			shellPath = /bin/sh;
			shellScript = "\"${PODS_ROOT}/Target Support Files/Pods-WunderAppTest/Pods-WunderAppTest-frameworks.sh\"\n";
			showEnvVarsInLog = 0;
		};
/* End PBXShellScriptBuildPhase section */

/* Begin PBXSourcesBuildPhase section */
		1277CFA32368277300EF99CF /* Sources */ = {
			isa = PBXSourcesBuildPhase;
			buildActionMask = 2147483647;
			files = (
				12963F572368DDB5001117BF /* ReadOnce.swift in Sources */,
				1277CFD02368295100EF99CF /* CarCellViewModel.swift in Sources */,
				1277CFE523682B5F00EF99CF /* JSON.swift in Sources */,
				1277CFD6236829DC00EF99CF /* CarTableViewCell.swift in Sources */,
				1277CFD923682A0500EF99CF /* Car.swift in Sources */,
				1277CFD32368299D00EF99CF /* MapViewController.swift in Sources */,
				1277CFAF2368277300EF99CF /* CarTableViewController.swift in Sources */,
				1277CFE323682B5400EF99CF /* Result.swift in Sources */,
				1277CFAB2368277300EF99CF /* AppDelegate.swift in Sources */,
				1277CFAD2368277300EF99CF /* SceneDelegate.swift in Sources */,
				1277CFCE2368292D00EF99CF /* CarTableViewViewModel.swift in Sources */,
				1277CFDF23682B0F00EF99CF /* Alert.swift in Sources */,
				1277CFE823682B8400EF99CF /* UIViewControllerExtension.swift in Sources */,
				1277CFDC23682ACF00EF99CF /* AppServerClient.swift in Sources */,
			);
			runOnlyForDeploymentPostprocessing = 0;
		};
		1277CFB92368277500EF99CF /* Sources */ = {
			isa = PBXSourcesBuildPhase;
			buildActionMask = 2147483647;
			files = (
				1277CFC22368277600EF99CF /* WunderAppTestTests.swift in Sources */,
			);
			runOnlyForDeploymentPostprocessing = 0;
		};
/* End PBXSourcesBuildPhase section */

/* Begin PBXTargetDependency section */
		1277CFBF2368277500EF99CF /* PBXTargetDependency */ = {
			isa = PBXTargetDependency;
			target = 1277CFA62368277300EF99CF /* WunderAppTest */;
			targetProxy = 1277CFBE2368277500EF99CF /* PBXContainerItemProxy */;
		};
/* End PBXTargetDependency section */

/* Begin PBXVariantGroup section */
		1277CFB02368277300EF99CF /* Main.storyboard */ = {
			isa = PBXVariantGroup;
			children = (
				1277CFB12368277300EF99CF /* Base */,
			);
			name = Main.storyboard;
			sourceTree = "<group>";
		};
		1277CFB52368277500EF99CF /* LaunchScreen.storyboard */ = {
			isa = PBXVariantGroup;
			children = (
				1277CFB62368277500EF99CF /* Base */,
			);
			name = LaunchScreen.storyboard;
			sourceTree = "<group>";
		};
/* End PBXVariantGroup section */

/* Begin XCBuildConfiguration section */
		1277CFC42368277600EF99CF /* Debug */ = {
			isa = XCBuildConfiguration;
			buildSettings = {
				ALWAYS_SEARCH_USER_PATHS = NO;
				CLANG_ANALYZER_NONNULL = YES;
				CLANG_ANALYZER_NUMBER_OBJECT_CONVERSION = YES_AGGRESSIVE;
				CLANG_CXX_LANGUAGE_STANDARD = "gnu++14";
				CLANG_CXX_LIBRARY = "libc++";
				CLANG_ENABLE_MODULES = YES;
				CLANG_ENABLE_OBJC_ARC = YES;
				CLANG_ENABLE_OBJC_WEAK = YES;
				CLANG_WARN_BLOCK_CAPTURE_AUTORELEASING = YES;
				CLANG_WARN_BOOL_CONVERSION = YES;
				CLANG_WARN_COMMA = YES;
				CLANG_WARN_CONSTANT_CONVERSION = YES;
				CLANG_WARN_DEPRECATED_OBJC_IMPLEMENTATIONS = YES;
				CLANG_WARN_DIRECT_OBJC_ISA_USAGE = YES_ERROR;
				CLANG_WARN_DOCUMENTATION_COMMENTS = YES;
				CLANG_WARN_EMPTY_BODY = YES;
				CLANG_WARN_ENUM_CONVERSION = YES;
				CLANG_WARN_INFINITE_RECURSION = YES;
				CLANG_WARN_INT_CONVERSION = YES;
				CLANG_WARN_NON_LITERAL_NULL_CONVERSION = YES;
				CLANG_WARN_OBJC_IMPLICIT_RETAIN_SELF = YES;
				CLANG_WARN_OBJC_LITERAL_CONVERSION = YES;
				CLANG_WARN_OBJC_ROOT_CLASS = YES_ERROR;
				CLANG_WARN_RANGE_LOOP_ANALYSIS = YES;
				CLANG_WARN_STRICT_PROTOTYPES = YES;
				CLANG_WARN_SUSPICIOUS_MOVE = YES;
				CLANG_WARN_UNGUARDED_AVAILABILITY = YES_AGGRESSIVE;
				CLANG_WARN_UNREACHABLE_CODE = YES;
				CLANG_WARN__DUPLICATE_METHOD_MATCH = YES;
				COPY_PHASE_STRIP = NO;
				DEBUG_INFORMATION_FORMAT = dwarf;
				ENABLE_STRICT_OBJC_MSGSEND = YES;
				ENABLE_TESTABILITY = YES;
				GCC_C_LANGUAGE_STANDARD = gnu11;
				GCC_DYNAMIC_NO_PIC = NO;
				GCC_NO_COMMON_BLOCKS = YES;
				GCC_OPTIMIZATION_LEVEL = 0;
				GCC_PREPROCESSOR_DEFINITIONS = (
					"DEBUG=1",
					"$(inherited)",
				);
				GCC_WARN_64_TO_32_BIT_CONVERSION = YES;
				GCC_WARN_ABOUT_RETURN_TYPE = YES_ERROR;
				GCC_WARN_UNDECLARED_SELECTOR = YES;
				GCC_WARN_UNINITIALIZED_AUTOS = YES_AGGRESSIVE;
				GCC_WARN_UNUSED_FUNCTION = YES;
				GCC_WARN_UNUSED_VARIABLE = YES;
				IPHONEOS_DEPLOYMENT_TARGET = 13.1;
				MTL_ENABLE_DEBUG_INFO = INCLUDE_SOURCE;
				MTL_FAST_MATH = YES;
				ONLY_ACTIVE_ARCH = YES;
				SDKROOT = iphoneos;
				SWIFT_ACTIVE_COMPILATION_CONDITIONS = DEBUG;
				SWIFT_OPTIMIZATION_LEVEL = "-Onone";
			};
			name = Debug;
		};
		1277CFC52368277600EF99CF /* Release */ = {
			isa = XCBuildConfiguration;
			buildSettings = {
				ALWAYS_SEARCH_USER_PATHS = NO;
				CLANG_ANALYZER_NONNULL = YES;
				CLANG_ANALYZER_NUMBER_OBJECT_CONVERSION = YES_AGGRESSIVE;
				CLANG_CXX_LANGUAGE_STANDARD = "gnu++14";
				CLANG_CXX_LIBRARY = "libc++";
				CLANG_ENABLE_MODULES = YES;
				CLANG_ENABLE_OBJC_ARC = YES;
				CLANG_ENABLE_OBJC_WEAK = YES;
				CLANG_WARN_BLOCK_CAPTURE_AUTORELEASING = YES;
				CLANG_WARN_BOOL_CONVERSION = YES;
				CLANG_WARN_COMMA = YES;
				CLANG_WARN_CONSTANT_CONVERSION = YES;
				CLANG_WARN_DEPRECATED_OBJC_IMPLEMENTATIONS = YES;
				CLANG_WARN_DIRECT_OBJC_ISA_USAGE = YES_ERROR;
				CLANG_WARN_DOCUMENTATION_COMMENTS = YES;
				CLANG_WARN_EMPTY_BODY = YES;
				CLANG_WARN_ENUM_CONVERSION = YES;
				CLANG_WARN_INFINITE_RECURSION = YES;
				CLANG_WARN_INT_CONVERSION = YES;
				CLANG_WARN_NON_LITERAL_NULL_CONVERSION = YES;
				CLANG_WARN_OBJC_IMPLICIT_RETAIN_SELF = YES;
				CLANG_WARN_OBJC_LITERAL_CONVERSION = YES;
				CLANG_WARN_OBJC_ROOT_CLASS = YES_ERROR;
				CLANG_WARN_RANGE_LOOP_ANALYSIS = YES;
				CLANG_WARN_STRICT_PROTOTYPES = YES;
				CLANG_WARN_SUSPICIOUS_MOVE = YES;
				CLANG_WARN_UNGUARDED_AVAILABILITY = YES_AGGRESSIVE;
				CLANG_WARN_UNREACHABLE_CODE = YES;
				CLANG_WARN__DUPLICATE_METHOD_MATCH = YES;
				COPY_PHASE_STRIP = NO;
				DEBUG_INFORMATION_FORMAT = "dwarf-with-dsym";
				ENABLE_NS_ASSERTIONS = NO;
				ENABLE_STRICT_OBJC_MSGSEND = YES;
				GCC_C_LANGUAGE_STANDARD = gnu11;
				GCC_NO_COMMON_BLOCKS = YES;
				GCC_WARN_64_TO_32_BIT_CONVERSION = YES;
				GCC_WARN_ABOUT_RETURN_TYPE = YES_ERROR;
				GCC_WARN_UNDECLARED_SELECTOR = YES;
				GCC_WARN_UNINITIALIZED_AUTOS = YES_AGGRESSIVE;
				GCC_WARN_UNUSED_FUNCTION = YES;
				GCC_WARN_UNUSED_VARIABLE = YES;
				IPHONEOS_DEPLOYMENT_TARGET = 13.1;
				MTL_ENABLE_DEBUG_INFO = NO;
				MTL_FAST_MATH = YES;
				SDKROOT = iphoneos;
				SWIFT_COMPILATION_MODE = wholemodule;
				SWIFT_OPTIMIZATION_LEVEL = "-O";
				VALIDATE_PRODUCT = YES;
			};
			name = Release;
		};
		1277CFC72368277600EF99CF /* Debug */ = {
			isa = XCBuildConfiguration;
			baseConfigurationReference = 370D272D1CAA2441B76A39DB /* Pods-WunderAppTest.debug.xcconfig */;
			buildSettings = {
				ASSETCATALOG_COMPILER_APPICON_NAME = AppIcon;
				CODE_SIGN_STYLE = Automatic;
				DEVELOPMENT_TEAM = 6699L7Z568;
				INFOPLIST_FILE = WunderAppTest/Info.plist;
				LD_RUNPATH_SEARCH_PATHS = (
					"$(inherited)",
					"@executable_path/Frameworks",
				);
				PRODUCT_BUNDLE_IDENTIFIER = com.mjlabios.WunderAppTest;
				PRODUCT_NAME = "$(TARGET_NAME)";
				SWIFT_VERSION = 5.0;
				TARGETED_DEVICE_FAMILY = "1,2";
			};
			name = Debug;
		};
		1277CFC82368277600EF99CF /* Release */ = {
			isa = XCBuildConfiguration;
			baseConfigurationReference = 55421C7F8638770ACC8C8436 /* Pods-WunderAppTest.release.xcconfig */;
			buildSettings = {
				ASSETCATALOG_COMPILER_APPICON_NAME = AppIcon;
				CODE_SIGN_STYLE = Automatic;
				DEVELOPMENT_TEAM = 6699L7Z568;
				INFOPLIST_FILE = WunderAppTest/Info.plist;
				LD_RUNPATH_SEARCH_PATHS = (
					"$(inherited)",
					"@executable_path/Frameworks",
				);
				PRODUCT_BUNDLE_IDENTIFIER = com.mjlabios.WunderAppTest;
				PRODUCT_NAME = "$(TARGET_NAME)";
				SWIFT_VERSION = 5.0;
				TARGETED_DEVICE_FAMILY = "1,2";
			};
			name = Release;
		};
		1277CFCA2368277600EF99CF /* Debug */ = {
			isa = XCBuildConfiguration;
			baseConfigurationReference = B5694E14C3C33CF5A730F05C /* Pods-WunderAppTestTests.debug.xcconfig */;
			buildSettings = {
				ALWAYS_EMBED_SWIFT_STANDARD_LIBRARIES = YES;
				BUNDLE_LOADER = "$(TEST_HOST)";
				CODE_SIGN_STYLE = Automatic;
				DEVELOPMENT_TEAM = 6699L7Z568;
				INFOPLIST_FILE = WunderAppTestTests/Info.plist;
				IPHONEOS_DEPLOYMENT_TARGET = 13.1;
				LD_RUNPATH_SEARCH_PATHS = (
					"$(inherited)",
					"@executable_path/Frameworks",
					"@loader_path/Frameworks",
				);
				PRODUCT_BUNDLE_IDENTIFIER = com.mjlabios.WunderAppTestTests;
				PRODUCT_NAME = "$(TARGET_NAME)";
				SWIFT_VERSION = 5.0;
				TARGETED_DEVICE_FAMILY = "1,2";
				TEST_HOST = "$(BUILT_PRODUCTS_DIR)/WunderAppTest.app/WunderAppTest";
			};
			name = Debug;
		};
		1277CFCB2368277600EF99CF /* Release */ = {
			isa = XCBuildConfiguration;
			baseConfigurationReference = 872EE12A90A87194176C618D /* Pods-WunderAppTestTests.release.xcconfig */;
			buildSettings = {
				ALWAYS_EMBED_SWIFT_STANDARD_LIBRARIES = YES;
				BUNDLE_LOADER = "$(TEST_HOST)";
				CODE_SIGN_STYLE = Automatic;
				DEVELOPMENT_TEAM = 6699L7Z568;
				INFOPLIST_FILE = WunderAppTestTests/Info.plist;
				IPHONEOS_DEPLOYMENT_TARGET = 13.1;
				LD_RUNPATH_SEARCH_PATHS = (
					"$(inherited)",
					"@executable_path/Frameworks",
					"@loader_path/Frameworks",
				);
				PRODUCT_BUNDLE_IDENTIFIER = com.mjlabios.WunderAppTestTests;
				PRODUCT_NAME = "$(TARGET_NAME)";
				SWIFT_VERSION = 5.0;
				TARGETED_DEVICE_FAMILY = "1,2";
				TEST_HOST = "$(BUILT_PRODUCTS_DIR)/WunderAppTest.app/WunderAppTest";
			};
			name = Release;
		};
/* End XCBuildConfiguration section */

/* Begin XCConfigurationList section */
		1277CFA22368277300EF99CF /* Build configuration list for PBXProject "WunderAppTest" */ = {
			isa = XCConfigurationList;
			buildConfigurations = (
				1277CFC42368277600EF99CF /* Debug */,
				1277CFC52368277600EF99CF /* Release */,
			);
			defaultConfigurationIsVisible = 0;
			defaultConfigurationName = Release;
		};
		1277CFC62368277600EF99CF /* Build configuration list for PBXNativeTarget "WunderAppTest" */ = {
			isa = XCConfigurationList;
			buildConfigurations = (
				1277CFC72368277600EF99CF /* Debug */,
				1277CFC82368277600EF99CF /* Release */,
			);
			defaultConfigurationIsVisible = 0;
			defaultConfigurationName = Release;
		};
		1277CFC92368277600EF99CF /* Build configuration list for PBXNativeTarget "WunderAppTestTests" */ = {
			isa = XCConfigurationList;
			buildConfigurations = (
				1277CFCA2368277600EF99CF /* Debug */,
				1277CFCB2368277600EF99CF /* Release */,
			);
			defaultConfigurationIsVisible = 0;
			defaultConfigurationName = Release;
		};
/* End XCConfigurationList section */
	};
	rootObject = 1277CF9F2368277300EF99CF /* Project object */;
}
